// !$*UTF8*$!
{
	archiveVersion = 1;
	classes = {
	};
	objectVersion = 50;
	objects = {

/* Begin PBXBuildFile section */
		9A45B3DE21C3DFAC00FC7525 /* background.jpg in Resources */ = {isa = PBXBuildFile; fileRef = 9A45B3DD21C3DFAC00FC7525 /* background.jpg */; };
		9A5D6A5921B7ACF200786CFC /* AppDelegate.swift in Sources */ = {isa = PBXBuildFile; fileRef = 9A5D6A5821B7ACF200786CFC /* AppDelegate.swift */; };
		9A5D6A5E21B7ACF200786CFC /* Main.storyboard in Resources */ = {isa = PBXBuildFile; fileRef = 9A5D6A5C21B7ACF200786CFC /* Main.storyboard */; };
		9A5D6A6021B7ACF400786CFC /* Assets.xcassets in Resources */ = {isa = PBXBuildFile; fileRef = 9A5D6A5F21B7ACF400786CFC /* Assets.xcassets */; };
		9A5D6A6321B7ACF400786CFC /* LaunchScreen.storyboard in Resources */ = {isa = PBXBuildFile; fileRef = 9A5D6A6121B7ACF400786CFC /* LaunchScreen.storyboard */; };
		9A5D6A6D21B7B29F00786CFC /* FIMainViewController.swift in Sources */ = {isa = PBXBuildFile; fileRef = 9A5D6A6C21B7B29F00786CFC /* FIMainViewController.swift */; };
		9A5D6A6F21B7B2F400786CFC /* FifteensCell.swift in Sources */ = {isa = PBXBuildFile; fileRef = 9A5D6A6E21B7B2F400786CFC /* FifteensCell.swift */; };
/* End PBXBuildFile section */

/* Begin PBXFileReference section */
		9A45B3DD21C3DFAC00FC7525 /* background.jpg */ = {isa = PBXFileReference; lastKnownFileType = image.jpeg; path = background.jpg; sourceTree = "<group>"; };
		9A5D6A5521B7ACF200786CFC /* FifteensInterface.app */ = {isa = PBXFileReference; explicitFileType = wrapper.application; includeInIndex = 0; path = FifteensInterface.app; sourceTree = BUILT_PRODUCTS_DIR; };
		9A5D6A5821B7ACF200786CFC /* AppDelegate.swift */ = {isa = PBXFileReference; lastKnownFileType = sourcecode.swift; path = AppDelegate.swift; sourceTree = "<group>"; };
		9A5D6A5D21B7ACF200786CFC /* Base */ = {isa = PBXFileReference; lastKnownFileType = file.storyboard; name = Base; path = Base.lproj/Main.storyboard; sourceTree = "<group>"; };
		9A5D6A5F21B7ACF400786CFC /* Assets.xcassets */ = {isa = PBXFileReference; lastKnownFileType = folder.assetcatalog; path = Assets.xcassets; sourceTree = "<group>"; };
		9A5D6A6221B7ACF400786CFC /* Base */ = {isa = PBXFileReference; lastKnownFileType = file.storyboard; name = Base; path = Base.lproj/LaunchScreen.storyboard; sourceTree = "<group>"; };
		9A5D6A6421B7ACF400786CFC /* Info.plist */ = {isa = PBXFileReference; lastKnownFileType = text.plist.xml; path = Info.plist; sourceTree = "<group>"; };
		9A5D6A6C21B7B29F00786CFC /* FIMainViewController.swift */ = {isa = PBXFileReference; lastKnownFileType = sourcecode.swift; path = FIMainViewController.swift; sourceTree = "<group>"; };
		9A5D6A6E21B7B2F400786CFC /* FifteensCell.swift */ = {isa = PBXFileReference; lastKnownFileType = sourcecode.swift; path = FifteensCell.swift; sourceTree = "<group>"; };
/* End PBXFileReference section */

/* Begin PBXFrameworksBuildPhase section */
		9A5D6A5221B7ACF200786CFC /* Frameworks */ = {
			isa = PBXFrameworksBuildPhase;
			buildActionMask = 2147483647;
			files = (
			);
			runOnlyForDeploymentPostprocessing = 0;
		};
/* End PBXFrameworksBuildPhase section */

/* Begin PBXGroup section */
		9A5D6A4C21B7ACF200786CFC = {
			isa = PBXGroup;
			children = (
				9A45B3DD21C3DFAC00FC7525 /* background.jpg */,
				9A5D6A6E21B7B2F400786CFC /* FifteensCell.swift */,
				9A5D6A6C21B7B29F00786CFC /* FIMainViewController.swift */,
				9A5D6A5721B7ACF200786CFC /* FifteensInterface */,
				9A5D6A5621B7ACF200786CFC /* Products */,
			);
			sourceTree = "<group>";
		};
		9A5D6A5621B7ACF200786CFC /* Products */ = {
			isa = PBXGroup;
			children = (
				9A5D6A5521B7ACF200786CFC /* FifteensInterface.app */,
			);
			name = Products;
			sourceTree = "<group>";
		};
		9A5D6A5721B7ACF200786CFC /* FifteensInterface */ = {
			isa = PBXGroup;
			children = (
				9A5D6A5821B7ACF200786CFC /* AppDelegate.swift */,
				9A5D6A5C21B7ACF200786CFC /* Main.storyboard */,
				9A5D6A5F21B7ACF400786CFC /* Assets.xcassets */,
				9A5D6A6121B7ACF400786CFC /* LaunchScreen.storyboard */,
				9A5D6A6421B7ACF400786CFC /* Info.plist */,
			);
			path = FifteensInterface;
			sourceTree = "<group>";
		};
/* End PBXGroup section */

/* Begin PBXNativeTarget section */
		9A5D6A5421B7ACF200786CFC /* FifteensInterface */ = {
			isa = PBXNativeTarget;
			buildConfigurationList = 9A5D6A6721B7ACF400786CFC /* Build configuration list for PBXNativeTarget "FifteensInterface" */;
			buildPhases = (
				9A5D6A5121B7ACF200786CFC /* Sources */,
				9A5D6A5221B7ACF200786CFC /* Frameworks */,
				9A5D6A5321B7ACF200786CFC /* Resources */,
			);
			buildRules = (
			);
			dependencies = (
			);
			name = FifteensInterface;
			productName = FifteensInterface;
			productReference = 9A5D6A5521B7ACF200786CFC /* FifteensInterface.app */;
			productType = "com.apple.product-type.application";
		};
/* End PBXNativeTarget section */

/* Begin PBXProject section */
		9A5D6A4D21B7ACF200786CFC /* Project object */ = {
			isa = PBXProject;
			attributes = {
				LastSwiftUpdateCheck = 1010;
				LastUpgradeCheck = 1010;
				ORGANIZATIONNAME = bochkareva;
				TargetAttributes = {
					9A5D6A5421B7ACF200786CFC = {
						CreatedOnToolsVersion = 10.1;
					};
				};
			};
			buildConfigurationList = 9A5D6A5021B7ACF200786CFC /* Build configuration list for PBXProject "FifteensInterface" */;
			compatibilityVersion = "Xcode 9.3";
			developmentRegion = en;
			hasScannedForEncodings = 0;
			knownRegions = (
				en,
				Base,
			);
			mainGroup = 9A5D6A4C21B7ACF200786CFC;
			productRefGroup = 9A5D6A5621B7ACF200786CFC /* Products */;
			projectDirPath = "";
			projectRoot = "";
			targets = (
				9A5D6A5421B7ACF200786CFC /* FifteensInterface */,
			);
		};
/* End PBXProject section */

/* Begin PBXResourcesBuildPhase section */
		9A5D6A5321B7ACF200786CFC /* Resources */ = {
			isa = PBXResourcesBuildPhase;
			buildActionMask = 2147483647;
			files = (
				9A5D6A6321B7ACF400786CFC /* LaunchScreen.storyboard in Resources */,
				9A45B3DE21C3DFAC00FC7525 /* background.jpg in Resources */,
				9A5D6A6021B7ACF400786CFC /* Assets.xcassets in Resources */,
				9A5D6A5E21B7ACF200786CFC /* Main.storyboard in Resources */,
			);
			runOnlyForDeploymentPostprocessing = 0;
		};
/* End PBXResourcesBuildPhase section */

/* Begin PBXSourcesBuildPhase section */
		9A5D6A5121B7ACF200786CFC /* Sources */ = {
			isa = PBXSourcesBuildPhase;
			buildActionMask = 2147483647;
			files = (
				9A5D6A6D21B7B29F00786CFC /* FIMainViewController.swift in Sources */,
				9A5D6A5921B7ACF200786CFC /* AppDelegate.swift in Sources */,
				9A5D6A6F21B7B2F400786CFC /* FifteensCell.swift in Sources */,
			);
			runOnlyForDeploymentPostprocessing = 0;
		};
/* End PBXSourcesBuildPhase section */

/* Begin PBXVariantGroup section */
		9A5D6A5C21B7ACF200786CFC /* Main.storyboard */ = {
			isa = PBXVariantGroup;
			children = (
				9A5D6A5D21B7ACF200786CFC /* Base */,
			);
			name = Main.storyboard;
			sourceTree = "<group>";
		};
		9A5D6A6121B7ACF400786CFC /* LaunchScreen.storyboard */ = {
			isa = PBXVariantGroup;
			children = (
				9A5D6A6221B7ACF400786CFC /* Base */,
			);
			name = LaunchScreen.storyboard;
			sourceTree = "<group>";
		};
/* End PBXVariantGroup section */

/* Begin XCBuildConfiguration section */
		9A5D6A6521B7ACF400786CFC /* Debug */ = {
			isa = XCBuildConfiguration;
			buildSettings = {
				ALWAYS_SEARCH_USER_PATHS = NO;
				CLANG_ANALYZER_NONNULL = YES;
				CLANG_ANALYZER_NUMBER_OBJECT_CONVERSION = YES_AGGRESSIVE;
				CLANG_CXX_LANGUAGE_STANDARD = "gnu++14";
				CLANG_CXX_LIBRARY = "libc++";
				CLANG_ENABLE_MODULES = YES;
				CLANG_ENABLE_OBJC_ARC = YES;
				CLANG_ENABLE_OBJC_WEAK = YES;
				CLANG_WARN_BLOCK_CAPTURE_AUTORELEASING = YES;
				CLANG_WARN_BOOL_CONVERSION = YES;
				CLANG_WARN_COMMA = YES;
				CLANG_WARN_CONSTANT_CONVERSION = YES;
				CLANG_WARN_DEPRECATED_OBJC_IMPLEMENTATIONS = YES;
				CLANG_WARN_DIRECT_OBJC_ISA_USAGE = YES_ERROR;
				CLANG_WARN_DOCUMENTATION_COMMENTS = YES;
				CLANG_WARN_EMPTY_BODY = YES;
				CLANG_WARN_ENUM_CONVERSION = YES;
				CLANG_WARN_INFINITE_RECURSION = YES;
				CLANG_WARN_INT_CONVERSION = YES;
				CLANG_WARN_NON_LITERAL_NULL_CONVERSION = YES;
				CLANG_WARN_OBJC_IMPLICIT_RETAIN_SELF = YES;
				CLANG_WARN_OBJC_LITERAL_CONVERSION = YES;
				CLANG_WARN_OBJC_ROOT_CLASS = YES_ERROR;
				CLANG_WARN_RANGE_LOOP_ANALYSIS = YES;
				CLANG_WARN_STRICT_PROTOTYPES = YES;
				CLANG_WARN_SUSPICIOUS_MOVE = YES;
				CLANG_WARN_UNGUARDED_AVAILABILITY = YES_AGGRESSIVE;
				CLANG_WARN_UNREACHABLE_CODE = YES;
				CLANG_WARN__DUPLICATE_METHOD_MATCH = YES;
				CODE_SIGN_IDENTITY = "iPhone Developer";
				COPY_PHASE_STRIP = NO;
				DEBUG_INFORMATION_FORMAT = dwarf;
				ENABLE_STRICT_OBJC_MSGSEND = YES;
				ENABLE_TESTABILITY = YES;
				GCC_C_LANGUAGE_STANDARD = gnu11;
				GCC_DYNAMIC_NO_PIC = NO;
				GCC_NO_COMMON_BLOCKS = YES;
				GCC_OPTIMIZATION_LEVEL = 0;
				GCC_PREPROCESSOR_DEFINITIONS = (
					"DEBUG=1",
					"$(inherited)",
				);
				GCC_WARN_64_TO_32_BIT_CONVERSION = YES;
				GCC_WARN_ABOUT_RETURN_TYPE = YES_ERROR;
				GCC_WARN_UNDECLARED_SELECTOR = YES;
				GCC_WARN_UNINITIALIZED_AUTOS = YES_AGGRESSIVE;
				GCC_WARN_UNUSED_FUNCTION = YES;
				GCC_WARN_UNUSED_VARIABLE = YES;
				IPHONEOS_DEPLOYMENT_TARGET = 12.1;
				MTL_ENABLE_DEBUG_INFO = INCLUDE_SOURCE;
				MTL_FAST_MATH = YES;
				ONLY_ACTIVE_ARCH = YES;
				SDKROOT = iphoneos;
				SWIFT_ACTIVE_COMPILATION_CONDITIONS = DEBUG;
				SWIFT_OPTIMIZATION_LEVEL = "-Onone";
			};
			name = Debug;
		};
		9A5D6A6621B7ACF400786CFC /* Release */ = {
			isa = XCBuildConfiguration;
			buildSettings = {
				ALWAYS_SEARCH_USER_PATHS = NO;
				CLANG_ANALYZER_NONNULL = YES;
				CLANG_ANALYZER_NUMBER_OBJECT_CONVERSION = YES_AGGRESSIVE;
				CLANG_CXX_LANGUAGE_STANDARD = "gnu++14";
				CLANG_CXX_LIBRARY = "libc++";
				CLANG_ENABLE_MODULES = YES;
				CLANG_ENABLE_OBJC_ARC = YES;
				CLANG_ENABLE_OBJC_WEAK = YES;
				CLANG_WARN_BLOCK_CAPTURE_AUTORELEASING = YES;
				CLANG_WARN_BOOL_CONVERSION = YES;
				CLANG_WARN_COMMA = YES;
				CLANG_WARN_CONSTANT_CONVERSION = YES;
				CLANG_WARN_DEPRECATED_OBJC_IMPLEMENTATIONS = YES;
				CLANG_WARN_DIRECT_OBJC_ISA_USAGE = YES_ERROR;
				CLANG_WARN_DOCUMENTATION_COMMENTS = YES;
				CLANG_WARN_EMPTY_BODY = YES;
				CLANG_WARN_ENUM_CONVERSION = YES;
				CLANG_WARN_INFINITE_RECURSION = YES;
				CLANG_WARN_INT_CONVERSION = YES;
				CLANG_WARN_NON_LITERAL_NULL_CONVERSION = YES;
				CLANG_WARN_OBJC_IMPLICIT_RETAIN_SELF = YES;
				CLANG_WARN_OBJC_LITERAL_CONVERSION = YES;
				CLANG_WARN_OBJC_ROOT_CLASS = YES_ERROR;
				CLANG_WARN_RANGE_LOOP_ANALYSIS = YES;
				CLANG_WARN_STRICT_PROTOTYPES = YES;
				CLANG_WARN_SUSPICIOUS_MOVE = YES;
				CLANG_WARN_UNGUARDED_AVAILABILITY = YES_AGGRESSIVE;
				CLANG_WARN_UNREACHABLE_CODE = YES;
				CLANG_WARN__DUPLICATE_METHOD_MATCH = YES;
				CODE_SIGN_IDENTITY = "iPhone Developer";
				COPY_PHASE_STRIP = NO;
				DEBUG_INFORMATION_FORMAT = "dwarf-with-dsym";
				ENABLE_NS_ASSERTIONS = NO;
				ENABLE_STRICT_OBJC_MSGSEND = YES;
				GCC_C_LANGUAGE_STANDARD = gnu11;
				GCC_NO_COMMON_BLOCKS = YES;
				GCC_WARN_64_TO_32_BIT_CONVERSION = YES;
				GCC_WARN_ABOUT_RETURN_TYPE = YES_ERROR;
				GCC_WARN_UNDECLARED_SELECTOR = YES;
				GCC_WARN_UNINITIALIZED_AUTOS = YES_AGGRESSIVE;
				GCC_WARN_UNUSED_FUNCTION = YES;
				GCC_WARN_UNUSED_VARIABLE = YES;
				IPHONEOS_DEPLOYMENT_TARGET = 12.1;
				MTL_ENABLE_DEBUG_INFO = NO;
				MTL_FAST_MATH = YES;
				SDKROOT = iphoneos;
				SWIFT_COMPILATION_MODE = wholemodule;
				SWIFT_OPTIMIZATION_LEVEL = "-O";
				VALIDATE_PRODUCT = YES;
			};
			name = Release;
		};
		9A5D6A6821B7ACF400786CFC /* Debug */ = {
			isa = XCBuildConfiguration;
			buildSettings = {
				ASSETCATALOG_COMPILER_APPICON_NAME = AppIcon;
				CODE_SIGN_STYLE = Automatic;
				INFOPLIST_FILE = FifteensInterface/Info.plist;
				LD_RUNPATH_SEARCH_PATHS = (
					"$(inherited)",
					"@executable_path/Frameworks",
				);
				PRODUCT_BUNDLE_IDENTIFIER = test.FifteensInterface;
				PRODUCT_NAME = "$(TARGET_NAME)";
				SWIFT_VERSION = 4.2;
				TARGETED_DEVICE_FAMILY = "1,2";
			};
			name = Debug;
		};
		9A5D6A6921B7ACF400786CFC /* Release */ = {
			isa = XCBuildConfiguration;
			buildSettings = {
				ASSETCATALOG_COMPILER_APPICON_NAME = AppIcon;
				CODE_SIGN_STYLE = Automatic;
				INFOPLIST_FILE = FifteensInterface/Info.plist;
				LD_RUNPATH_SEARCH_PATHS = (
					"$(inherited)",
					"@executable_path/Frameworks",
				);
				PRODUCT_BUNDLE_IDENTIFIER = test.FifteensInterface;
				PRODUCT_NAME = "$(TARGET_NAME)";
				SWIFT_VERSION = 4.2;
				TARGETED_DEVICE_FAMILY = "1,2";
			};
			name = Release;
		};
/* End XCBuildConfiguration section */

/* Begin XCConfigurationList section */
		9A5D6A5021B7ACF200786CFC /* Build configuration list for PBXProject "FifteensInterface" */ = {
			isa = XCConfigurationList;
			buildConfigurations = (
				9A5D6A6521B7ACF400786CFC /* Debug */,
				9A5D6A6621B7ACF400786CFC /* Release */,
			);
			defaultConfigurationIsVisible = 0;
			defaultConfigurationName = Release;
		};
		9A5D6A6721B7ACF400786CFC /* Build configuration list for PBXNativeTarget "FifteensInterface" */ = {
			isa = XCConfigurationList;
			buildConfigurations = (
				9A5D6A6821B7ACF400786CFC /* Debug */,
				9A5D6A6921B7ACF400786CFC /* Release */,
			);
			defaultConfigurationIsVisible = 0;
			defaultConfigurationName = Release;
		};
/* End XCConfigurationList section */
	};
	rootObject = 9A5D6A4D21B7ACF200786CFC /* Project object */;
}
